// !$*UTF8*$!
{
	archiveVersion = 1;
	classes = {
	};
	objectVersion = 50;
	objects = {

/* Begin PBXBuildFile section */
		C7CF12FB2600898900CA9F39 /* AppDelegate.swift in Sources */ = {isa = PBXBuildFile; fileRef = C7CF12FA2600898900CA9F39 /* AppDelegate.swift */; };
		C7CF12FD2600898900CA9F39 /* SceneDelegate.swift in Sources */ = {isa = PBXBuildFile; fileRef = C7CF12FC2600898900CA9F39 /* SceneDelegate.swift */; };
		C7CF12FF2600898900CA9F39 /* ViewController.swift in Sources */ = {isa = PBXBuildFile; fileRef = C7CF12FE2600898900CA9F39 /* ViewController.swift */; };
		C7CF13022600898900CA9F39 /* Main.storyboard in Resources */ = {isa = PBXBuildFile; fileRef = C7CF13002600898900CA9F39 /* Main.storyboard */; };
		C7CF13042600898B00CA9F39 /* Assets.xcassets in Resources */ = {isa = PBXBuildFile; fileRef = C7CF13032600898B00CA9F39 /* Assets.xcassets */; };
		C7CF13072600898B00CA9F39 /* LaunchScreen.storyboard in Resources */ = {isa = PBXBuildFile; fileRef = C7CF13052600898B00CA9F39 /* LaunchScreen.storyboard */; };
		C7CF13122600898B00CA9F39 /* DynogramTests.swift in Sources */ = {isa = PBXBuildFile; fileRef = C7CF13112600898B00CA9F39 /* DynogramTests.swift */; };
		C7CF131D2600898B00CA9F39 /* DynogramUITests.swift in Sources */ = {isa = PBXBuildFile; fileRef = C7CF131C2600898B00CA9F39 /* DynogramUITests.swift */; };
/* End PBXBuildFile section */

/* Begin PBXContainerItemProxy section */
		C7CF130E2600898B00CA9F39 /* PBXContainerItemProxy */ = {
			isa = PBXContainerItemProxy;
			containerPortal = C7CF12EF2600898900CA9F39 /* Project object */;
			proxyType = 1;
			remoteGlobalIDString = C7CF12F62600898900CA9F39;
			remoteInfo = Dynogram;
		};
		C7CF13192600898B00CA9F39 /* PBXContainerItemProxy */ = {
			isa = PBXContainerItemProxy;
			containerPortal = C7CF12EF2600898900CA9F39 /* Project object */;
			proxyType = 1;
			remoteGlobalIDString = C7CF12F62600898900CA9F39;
			remoteInfo = Dynogram;
		};
/* End PBXContainerItemProxy section */

/* Begin PBXFileReference section */
		C7CF12F72600898900CA9F39 /* Dynogram.app */ = {isa = PBXFileReference; explicitFileType = wrapper.application; includeInIndex = 0; path = Dynogram.app; sourceTree = BUILT_PRODUCTS_DIR; };
		C7CF12FA2600898900CA9F39 /* AppDelegate.swift */ = {isa = PBXFileReference; lastKnownFileType = sourcecode.swift; path = AppDelegate.swift; sourceTree = "<group>"; };
		C7CF12FC2600898900CA9F39 /* SceneDelegate.swift */ = {isa = PBXFileReference; lastKnownFileType = sourcecode.swift; path = SceneDelegate.swift; sourceTree = "<group>"; };
		C7CF12FE2600898900CA9F39 /* ViewController.swift */ = {isa = PBXFileReference; lastKnownFileType = sourcecode.swift; path = ViewController.swift; sourceTree = "<group>"; };
		C7CF13012600898900CA9F39 /* Base */ = {isa = PBXFileReference; lastKnownFileType = file.storyboard; name = Base; path = Base.lproj/Main.storyboard; sourceTree = "<group>"; };
		C7CF13032600898B00CA9F39 /* Assets.xcassets */ = {isa = PBXFileReference; lastKnownFileType = folder.assetcatalog; path = Assets.xcassets; sourceTree = "<group>"; };
		C7CF13062600898B00CA9F39 /* Base */ = {isa = PBXFileReference; lastKnownFileType = file.storyboard; name = Base; path = Base.lproj/LaunchScreen.storyboard; sourceTree = "<group>"; };
		C7CF13082600898B00CA9F39 /* Info.plist */ = {isa = PBXFileReference; lastKnownFileType = text.plist.xml; path = Info.plist; sourceTree = "<group>"; };
		C7CF130D2600898B00CA9F39 /* DynogramTests.xctest */ = {isa = PBXFileReference; explicitFileType = wrapper.cfbundle; includeInIndex = 0; path = DynogramTests.xctest; sourceTree = BUILT_PRODUCTS_DIR; };
		C7CF13112600898B00CA9F39 /* DynogramTests.swift */ = {isa = PBXFileReference; lastKnownFileType = sourcecode.swift; path = DynogramTests.swift; sourceTree = "<group>"; };
		C7CF13132600898B00CA9F39 /* Info.plist */ = {isa = PBXFileReference; lastKnownFileType = text.plist.xml; path = Info.plist; sourceTree = "<group>"; };
		C7CF13182600898B00CA9F39 /* DynogramUITests.xctest */ = {isa = PBXFileReference; explicitFileType = wrapper.cfbundle; includeInIndex = 0; path = DynogramUITests.xctest; sourceTree = BUILT_PRODUCTS_DIR; };
		C7CF131C2600898B00CA9F39 /* DynogramUITests.swift */ = {isa = PBXFileReference; lastKnownFileType = sourcecode.swift; path = DynogramUITests.swift; sourceTree = "<group>"; };
		C7CF131E2600898B00CA9F39 /* Info.plist */ = {isa = PBXFileReference; lastKnownFileType = text.plist.xml; path = Info.plist; sourceTree = "<group>"; };
/* End PBXFileReference section */

/* Begin PBXFrameworksBuildPhase section */
		C7CF12F42600898900CA9F39 /* Frameworks */ = {
			isa = PBXFrameworksBuildPhase;
			buildActionMask = 2147483647;
			files = (
			);
			runOnlyForDeploymentPostprocessing = 0;
		};
		C7CF130A2600898B00CA9F39 /* Frameworks */ = {
			isa = PBXFrameworksBuildPhase;
			buildActionMask = 2147483647;
			files = (
			);
			runOnlyForDeploymentPostprocessing = 0;
		};
		C7CF13152600898B00CA9F39 /* Frameworks */ = {
			isa = PBXFrameworksBuildPhase;
			buildActionMask = 2147483647;
			files = (
			);
			runOnlyForDeploymentPostprocessing = 0;
		};
/* End PBXFrameworksBuildPhase section */

/* Begin PBXGroup section */
		C7CF12EE2600898900CA9F39 = {
			isa = PBXGroup;
			children = (
				C7CF12F92600898900CA9F39 /* Dynogram */,
				C7CF13102600898B00CA9F39 /* DynogramTests */,
				C7CF131B2600898B00CA9F39 /* DynogramUITests */,
				C7CF12F82600898900CA9F39 /* Products */,
			);
			sourceTree = "<group>";
		};
		C7CF12F82600898900CA9F39 /* Products */ = {
			isa = PBXGroup;
			children = (
				C7CF12F72600898900CA9F39 /* Dynogram.app */,
				C7CF130D2600898B00CA9F39 /* DynogramTests.xctest */,
				C7CF13182600898B00CA9F39 /* DynogramUITests.xctest */,
			);
			name = Products;
			sourceTree = "<group>";
		};
		C7CF12F92600898900CA9F39 /* Dynogram */ = {
			isa = PBXGroup;
			children = (
				C7CF12FA2600898900CA9F39 /* AppDelegate.swift */,
				C7CF12FC2600898900CA9F39 /* SceneDelegate.swift */,
				C7CF12FE2600898900CA9F39 /* ViewController.swift */,
				C7CF13002600898900CA9F39 /* Main.storyboard */,
				C7CF13032600898B00CA9F39 /* Assets.xcassets */,
				C7CF13052600898B00CA9F39 /* LaunchScreen.storyboard */,
				C7CF13082600898B00CA9F39 /* Info.plist */,
			);
			path = Dynogram;
			sourceTree = "<group>";
		};
		C7CF13102600898B00CA9F39 /* DynogramTests */ = {
			isa = PBXGroup;
			children = (
				C7CF13112600898B00CA9F39 /* DynogramTests.swift */,
				C7CF13132600898B00CA9F39 /* Info.plist */,
			);
			path = DynogramTests;
			sourceTree = "<group>";
		};
		C7CF131B2600898B00CA9F39 /* DynogramUITests */ = {
			isa = PBXGroup;
			children = (
				C7CF131C2600898B00CA9F39 /* DynogramUITests.swift */,
				C7CF131E2600898B00CA9F39 /* Info.plist */,
			);
			path = DynogramUITests;
			sourceTree = "<group>";
		};
/* End PBXGroup section */

/* Begin PBXNativeTarget section */
		C7CF12F62600898900CA9F39 /* Dynogram */ = {
			isa = PBXNativeTarget;
			buildConfigurationList = C7CF13212600898B00CA9F39 /* Build configuration list for PBXNativeTarget "Dynogram" */;
			buildPhases = (
				C7CF12F32600898900CA9F39 /* Sources */,
				C7CF12F42600898900CA9F39 /* Frameworks */,
				C7CF12F52600898900CA9F39 /* Resources */,
			);
			buildRules = (
			);
			dependencies = (
			);
			name = Dynogram;
			productName = Dynogram;
			productReference = C7CF12F72600898900CA9F39 /* Dynogram.app */;
			productType = "com.apple.product-type.application";
		};
		C7CF130C2600898B00CA9F39 /* DynogramTests */ = {
			isa = PBXNativeTarget;
			buildConfigurationList = C7CF13242600898B00CA9F39 /* Build configuration list for PBXNativeTarget "DynogramTests" */;
			buildPhases = (
				C7CF13092600898B00CA9F39 /* Sources */,
				C7CF130A2600898B00CA9F39 /* Frameworks */,
				C7CF130B2600898B00CA9F39 /* Resources */,
			);
			buildRules = (
			);
			dependencies = (
				C7CF130F2600898B00CA9F39 /* PBXTargetDependency */,
			);
			name = DynogramTests;
			productName = DynogramTests;
			productReference = C7CF130D2600898B00CA9F39 /* DynogramTests.xctest */;
			productType = "com.apple.product-type.bundle.unit-test";
		};
		C7CF13172600898B00CA9F39 /* DynogramUITests */ = {
			isa = PBXNativeTarget;
			buildConfigurationList = C7CF13272600898B00CA9F39 /* Build configuration list for PBXNativeTarget "DynogramUITests" */;
			buildPhases = (
				C7CF13142600898B00CA9F39 /* Sources */,
				C7CF13152600898B00CA9F39 /* Frameworks */,
				C7CF13162600898B00CA9F39 /* Resources */,
			);
			buildRules = (
			);
			dependencies = (
				C7CF131A2600898B00CA9F39 /* PBXTargetDependency */,
			);
			name = DynogramUITests;
			productName = DynogramUITests;
			productReference = C7CF13182600898B00CA9F39 /* DynogramUITests.xctest */;
			productType = "com.apple.product-type.bundle.ui-testing";
		};
/* End PBXNativeTarget section */

/* Begin PBXProject section */
		C7CF12EF2600898900CA9F39 /* Project object */ = {
			isa = PBXProject;
			attributes = {
				LastSwiftUpdateCheck = 1240;
				LastUpgradeCheck = 1240;
				TargetAttributes = {
					C7CF12F62600898900CA9F39 = {
						CreatedOnToolsVersion = 12.4;
					};
					C7CF130C2600898B00CA9F39 = {
						CreatedOnToolsVersion = 12.4;
						TestTargetID = C7CF12F62600898900CA9F39;
					};
					C7CF13172600898B00CA9F39 = {
						CreatedOnToolsVersion = 12.4;
						TestTargetID = C7CF12F62600898900CA9F39;
					};
				};
			};
			buildConfigurationList = C7CF12F22600898900CA9F39 /* Build configuration list for PBXProject "Dynogram" */;
			compatibilityVersion = "Xcode 9.3";
			developmentRegion = en;
			hasScannedForEncodings = 0;
			knownRegions = (
				en,
				Base,
			);
			mainGroup = C7CF12EE2600898900CA9F39;
			productRefGroup = C7CF12F82600898900CA9F39 /* Products */;
			projectDirPath = "";
			projectRoot = "";
			targets = (
				C7CF12F62600898900CA9F39 /* Dynogram */,
				C7CF130C2600898B00CA9F39 /* DynogramTests */,
				C7CF13172600898B00CA9F39 /* DynogramUITests */,
			);
		};
/* End PBXProject section */

/* Begin PBXResourcesBuildPhase section */
		C7CF12F52600898900CA9F39 /* Resources */ = {
			isa = PBXResourcesBuildPhase;
			buildActionMask = 2147483647;
			files = (
				C7CF13072600898B00CA9F39 /* LaunchScreen.storyboard in Resources */,
				C7CF13042600898B00CA9F39 /* Assets.xcassets in Resources */,
				C7CF13022600898900CA9F39 /* Main.storyboard in Resources */,
			);
			runOnlyForDeploymentPostprocessing = 0;
		};
		C7CF130B2600898B00CA9F39 /* Resources */ = {
			isa = PBXResourcesBuildPhase;
			buildActionMask = 2147483647;
			files = (
			);
			runOnlyForDeploymentPostprocessing = 0;
		};
		C7CF13162600898B00CA9F39 /* Resources */ = {
			isa = PBXResourcesBuildPhase;
			buildActionMask = 2147483647;
			files = (
			);
			runOnlyForDeploymentPostprocessing = 0;
		};
/* End PBXResourcesBuildPhase section */

/* Begin PBXSourcesBuildPhase section */
		C7CF12F32600898900CA9F39 /* Sources */ = {
			isa = PBXSourcesBuildPhase;
			buildActionMask = 2147483647;
			files = (
				C7CF12FF2600898900CA9F39 /* ViewController.swift in Sources */,
				C7CF12FB2600898900CA9F39 /* AppDelegate.swift in Sources */,
				C7CF12FD2600898900CA9F39 /* SceneDelegate.swift in Sources */,
			);
			runOnlyForDeploymentPostprocessing = 0;
		};
		C7CF13092600898B00CA9F39 /* Sources */ = {
			isa = PBXSourcesBuildPhase;
			buildActionMask = 2147483647;
			files = (
				C7CF13122600898B00CA9F39 /* DynogramTests.swift in Sources */,
			);
			runOnlyForDeploymentPostprocessing = 0;
		};
		C7CF13142600898B00CA9F39 /* Sources */ = {
			isa = PBXSourcesBuildPhase;
			buildActionMask = 2147483647;
			files = (
				C7CF131D2600898B00CA9F39 /* DynogramUITests.swift in Sources */,
			);
			runOnlyForDeploymentPostprocessing = 0;
		};
/* End PBXSourcesBuildPhase section */

/* Begin PBXTargetDependency section */
		C7CF130F2600898B00CA9F39 /* PBXTargetDependency */ = {
			isa = PBXTargetDependency;
			target = C7CF12F62600898900CA9F39 /* Dynogram */;
			targetProxy = C7CF130E2600898B00CA9F39 /* PBXContainerItemProxy */;
		};
		C7CF131A2600898B00CA9F39 /* PBXTargetDependency */ = {
			isa = PBXTargetDependency;
			target = C7CF12F62600898900CA9F39 /* Dynogram */;
			targetProxy = C7CF13192600898B00CA9F39 /* PBXContainerItemProxy */;
		};
/* End PBXTargetDependency section */

/* Begin PBXVariantGroup section */
		C7CF13002600898900CA9F39 /* Main.storyboard */ = {
			isa = PBXVariantGroup;
			children = (
				C7CF13012600898900CA9F39 /* Base */,
			);
			name = Main.storyboard;
			sourceTree = "<group>";
		};
		C7CF13052600898B00CA9F39 /* LaunchScreen.storyboard */ = {
			isa = PBXVariantGroup;
			children = (
				C7CF13062600898B00CA9F39 /* Base */,
			);
			name = LaunchScreen.storyboard;
			sourceTree = "<group>";
		};
/* End PBXVariantGroup section */

/* Begin XCBuildConfiguration section */
		C7CF131F2600898B00CA9F39 /* Debug */ = {
			isa = XCBuildConfiguration;
			buildSettings = {
				ALWAYS_SEARCH_USER_PATHS = NO;
				CLANG_ANALYZER_NONNULL = YES;
				CLANG_ANALYZER_NUMBER_OBJECT_CONVERSION = YES_AGGRESSIVE;
				CLANG_CXX_LANGUAGE_STANDARD = "gnu++14";
				CLANG_CXX_LIBRARY = "libc++";
				CLANG_ENABLE_MODULES = YES;
				CLANG_ENABLE_OBJC_ARC = YES;
				CLANG_ENABLE_OBJC_WEAK = YES;
				CLANG_WARN_BLOCK_CAPTURE_AUTORELEASING = YES;
				CLANG_WARN_BOOL_CONVERSION = YES;
				CLANG_WARN_COMMA = YES;
				CLANG_WARN_CONSTANT_CONVERSION = YES;
				CLANG_WARN_DEPRECATED_OBJC_IMPLEMENTATIONS = YES;
				CLANG_WARN_DIRECT_OBJC_ISA_USAGE = YES_ERROR;
				CLANG_WARN_DOCUMENTATION_COMMENTS = YES;
				CLANG_WARN_EMPTY_BODY = YES;
				CLANG_WARN_ENUM_CONVERSION = YES;
				CLANG_WARN_INFINITE_RECURSION = YES;
				CLANG_WARN_INT_CONVERSION = YES;
				CLANG_WARN_NON_LITERAL_NULL_CONVERSION = YES;
				CLANG_WARN_OBJC_IMPLICIT_RETAIN_SELF = YES;
				CLANG_WARN_OBJC_LITERAL_CONVERSION = YES;
				CLANG_WARN_OBJC_ROOT_CLASS = YES_ERROR;
				CLANG_WARN_QUOTED_INCLUDE_IN_FRAMEWORK_HEADER = YES;
				CLANG_WARN_RANGE_LOOP_ANALYSIS = YES;
				CLANG_WARN_STRICT_PROTOTYPES = YES;
				CLANG_WARN_SUSPICIOUS_MOVE = YES;
				CLANG_WARN_UNGUARDED_AVAILABILITY = YES_AGGRESSIVE;
				CLANG_WARN_UNREACHABLE_CODE = YES;
				CLANG_WARN__DUPLICATE_METHOD_MATCH = YES;
				COPY_PHASE_STRIP = NO;
				DEBUG_INFORMATION_FORMAT = dwarf;
				ENABLE_STRICT_OBJC_MSGSEND = YES;
				ENABLE_TESTABILITY = YES;
				GCC_C_LANGUAGE_STANDARD = gnu11;
				GCC_DYNAMIC_NO_PIC = NO;
				GCC_NO_COMMON_BLOCKS = YES;
				GCC_OPTIMIZATION_LEVEL = 0;
				GCC_PREPROCESSOR_DEFINITIONS = (
					"DEBUG=1",
					"$(inherited)",
				);
				GCC_WARN_64_TO_32_BIT_CONVERSION = YES;
				GCC_WARN_ABOUT_RETURN_TYPE = YES_ERROR;
				GCC_WARN_UNDECLARED_SELECTOR = YES;
				GCC_WARN_UNINITIALIZED_AUTOS = YES_AGGRESSIVE;
				GCC_WARN_UNUSED_FUNCTION = YES;
				GCC_WARN_UNUSED_VARIABLE = YES;
				IPHONEOS_DEPLOYMENT_TARGET = 14.4;
				MTL_ENABLE_DEBUG_INFO = INCLUDE_SOURCE;
				MTL_FAST_MATH = YES;
				ONLY_ACTIVE_ARCH = YES;
				SDKROOT = iphoneos;
				SWIFT_ACTIVE_COMPILATION_CONDITIONS = DEBUG;
				SWIFT_OPTIMIZATION_LEVEL = "-Onone";
			};
			name = Debug;
		};
		C7CF13202600898B00CA9F39 /* Release */ = {
			isa = XCBuildConfiguration;
			buildSettings = {
				ALWAYS_SEARCH_USER_PATHS = NO;
				CLANG_ANALYZER_NONNULL = YES;
				CLANG_ANALYZER_NUMBER_OBJECT_CONVERSION = YES_AGGRESSIVE;
				CLANG_CXX_LANGUAGE_STANDARD = "gnu++14";
				CLANG_CXX_LIBRARY = "libc++";
				CLANG_ENABLE_MODULES = YES;
				CLANG_ENABLE_OBJC_ARC = YES;
				CLANG_ENABLE_OBJC_WEAK = YES;
				CLANG_WARN_BLOCK_CAPTURE_AUTORELEASING = YES;
				CLANG_WARN_BOOL_CONVERSION = YES;
				CLANG_WARN_COMMA = YES;
				CLANG_WARN_CONSTANT_CONVERSION = YES;
				CLANG_WARN_DEPRECATED_OBJC_IMPLEMENTATIONS = YES;
				CLANG_WARN_DIRECT_OBJC_ISA_USAGE = YES_ERROR;
				CLANG_WARN_DOCUMENTATION_COMMENTS = YES;
				CLANG_WARN_EMPTY_BODY = YES;
				CLANG_WARN_ENUM_CONVERSION = YES;
				CLANG_WARN_INFINITE_RECURSION = YES;
				CLANG_WARN_INT_CONVERSION = YES;
				CLANG_WARN_NON_LITERAL_NULL_CONVERSION = YES;
				CLANG_WARN_OBJC_IMPLICIT_RETAIN_SELF = YES;
				CLANG_WARN_OBJC_LITERAL_CONVERSION = YES;
				CLANG_WARN_OBJC_ROOT_CLASS = YES_ERROR;
				CLANG_WARN_QUOTED_INCLUDE_IN_FRAMEWORK_HEADER = YES;
				CLANG_WARN_RANGE_LOOP_ANALYSIS = YES;
				CLANG_WARN_STRICT_PROTOTYPES = YES;
				CLANG_WARN_SUSPICIOUS_MOVE = YES;
				CLANG_WARN_UNGUARDED_AVAILABILITY = YES_AGGRESSIVE;
				CLANG_WARN_UNREACHABLE_CODE = YES;
				CLANG_WARN__DUPLICATE_METHOD_MATCH = YES;
				COPY_PHASE_STRIP = NO;
				DEBUG_INFORMATION_FORMAT = "dwarf-with-dsym";
				ENABLE_NS_ASSERTIONS = NO;
				ENABLE_STRICT_OBJC_MSGSEND = YES;
				GCC_C_LANGUAGE_STANDARD = gnu11;
				GCC_NO_COMMON_BLOCKS = YES;
				GCC_WARN_64_TO_32_BIT_CONVERSION = YES;
				GCC_WARN_ABOUT_RETURN_TYPE = YES_ERROR;
				GCC_WARN_UNDECLARED_SELECTOR = YES;
				GCC_WARN_UNINITIALIZED_AUTOS = YES_AGGRESSIVE;
				GCC_WARN_UNUSED_FUNCTION = YES;
				GCC_WARN_UNUSED_VARIABLE = YES;
				IPHONEOS_DEPLOYMENT_TARGET = 14.4;
				MTL_ENABLE_DEBUG_INFO = NO;
				MTL_FAST_MATH = YES;
				SDKROOT = iphoneos;
				SWIFT_COMPILATION_MODE = wholemodule;
				SWIFT_OPTIMIZATION_LEVEL = "-O";
				VALIDATE_PRODUCT = YES;
			};
			name = Release;
		};
		C7CF13222600898B00CA9F39 /* Debug */ = {
			isa = XCBuildConfiguration;
			buildSettings = {
				ASSETCATALOG_COMPILER_APPICON_NAME = AppIcon;
				ASSETCATALOG_COMPILER_GLOBAL_ACCENT_COLOR_NAME = AccentColor;
				CODE_SIGN_STYLE = Automatic;
				DEVELOPMENT_TEAM = 79X4HLLV85;
				INFOPLIST_FILE = Dynogram/Info.plist;
				LD_RUNPATH_SEARCH_PATHS = (
					"$(inherited)",
					"@executable_path/Frameworks",
				);
				PRODUCT_BUNDLE_IDENTIFIER = com.ui.Dynogram;
				PRODUCT_NAME = "$(TARGET_NAME)";
				SWIFT_VERSION = 5.0;
				TARGETED_DEVICE_FAMILY = "1,2";
			};
			name = Debug;
		};
		C7CF13232600898B00CA9F39 /* Release */ = {
			isa = XCBuildConfiguration;
			buildSettings = {
				ASSETCATALOG_COMPILER_APPICON_NAME = AppIcon;
				ASSETCATALOG_COMPILER_GLOBAL_ACCENT_COLOR_NAME = AccentColor;
				CODE_SIGN_STYLE = Automatic;
				DEVELOPMENT_TEAM = 79X4HLLV85;
				INFOPLIST_FILE = Dynogram/Info.plist;
				LD_RUNPATH_SEARCH_PATHS = (
					"$(inherited)",
					"@executable_path/Frameworks",
				);
				PRODUCT_BUNDLE_IDENTIFIER = com.ui.Dynogram;
				PRODUCT_NAME = "$(TARGET_NAME)";
				SWIFT_VERSION = 5.0;
				TARGETED_DEVICE_FAMILY = "1,2";
			};
			name = Release;
		};
		C7CF13252600898B00CA9F39 /* Debug */ = {
			isa = XCBuildConfiguration;
			buildSettings = {
				ALWAYS_EMBED_SWIFT_STANDARD_LIBRARIES = YES;
				BUNDLE_LOADER = "$(TEST_HOST)";
				CODE_SIGN_STYLE = Automatic;
				DEVELOPMENT_TEAM = 79X4HLLV85;
				INFOPLIST_FILE = DynogramTests/Info.plist;
				IPHONEOS_DEPLOYMENT_TARGET = 14.4;
				LD_RUNPATH_SEARCH_PATHS = (
					"$(inherited)",
					"@executable_path/Frameworks",
					"@loader_path/Frameworks",
				);
				PRODUCT_BUNDLE_IDENTIFIER = com.ui.DynogramTests;
				PRODUCT_NAME = "$(TARGET_NAME)";
				SWIFT_VERSION = 5.0;
				TARGETED_DEVICE_FAMILY = "1,2";
				TEST_HOST = "$(BUILT_PRODUCTS_DIR)/Dynogram.app/Dynogram";
			};
			name = Debug;
		};
		C7CF13262600898B00CA9F39 /* Release */ = {
			isa = XCBuildConfiguration;
			buildSettings = {
				ALWAYS_EMBED_SWIFT_STANDARD_LIBRARIES = YES;
				BUNDLE_LOADER = "$(TEST_HOST)";
				CODE_SIGN_STYLE = Automatic;
				DEVELOPMENT_TEAM = 79X4HLLV85;
				INFOPLIST_FILE = DynogramTests/Info.plist;
				IPHONEOS_DEPLOYMENT_TARGET = 14.4;
				LD_RUNPATH_SEARCH_PATHS = (
					"$(inherited)",
					"@executable_path/Frameworks",
					"@loader_path/Frameworks",
				);
				PRODUCT_BUNDLE_IDENTIFIER = com.ui.DynogramTests;
				PRODUCT_NAME = "$(TARGET_NAME)";
				SWIFT_VERSION = 5.0;
				TARGETED_DEVICE_FAMILY = "1,2";
				TEST_HOST = "$(BUILT_PRODUCTS_DIR)/Dynogram.app/Dynogram";
			};
			name = Release;
		};
		C7CF13282600898B00CA9F39 /* Debug */ = {
			isa = XCBuildConfiguration;
			buildSettings = {
				ALWAYS_EMBED_SWIFT_STANDARD_LIBRARIES = YES;
				CODE_SIGN_STYLE = Automatic;
				DEVELOPMENT_TEAM = 79X4HLLV85;
				INFOPLIST_FILE = DynogramUITests/Info.plist;
				LD_RUNPATH_SEARCH_PATHS = (
					"$(inherited)",
					"@executable_path/Frameworks",
					"@loader_path/Frameworks",
				);
				PRODUCT_BUNDLE_IDENTIFIER = com.ui.DynogramUITests;
				PRODUCT_NAME = "$(TARGET_NAME)";
				SWIFT_VERSION = 5.0;
				TARGETED_DEVICE_FAMILY = "1,2";
				TEST_TARGET_NAME = Dynogram;
			};
			name = Debug;
		};
		C7CF13292600898B00CA9F39 /* Release */ = {
			isa = XCBuildConfiguration;
			buildSettings = {
				ALWAYS_EMBED_SWIFT_STANDARD_LIBRARIES = YES;
				CODE_SIGN_STYLE = Automatic;
				DEVELOPMENT_TEAM = 79X4HLLV85;
				INFOPLIST_FILE = DynogramUITests/Info.plist;
				LD_RUNPATH_SEARCH_PATHS = (
					"$(inherited)",
					"@executable_path/Frameworks",
					"@loader_path/Frameworks",
				);
				PRODUCT_BUNDLE_IDENTIFIER = com.ui.DynogramUITests;
				PRODUCT_NAME = "$(TARGET_NAME)";
				SWIFT_VERSION = 5.0;
				TARGETED_DEVICE_FAMILY = "1,2";
				TEST_TARGET_NAME = Dynogram;
			};
			name = Release;
		};
/* End XCBuildConfiguration section */

/* Begin XCConfigurationList section */
		C7CF12F22600898900CA9F39 /* Build configuration list for PBXProject "Dynogram" */ = {
			isa = XCConfigurationList;
			buildConfigurations = (
				C7CF131F2600898B00CA9F39 /* Debug */,
				C7CF13202600898B00CA9F39 /* Release */,
			);
			defaultConfigurationIsVisible = 0;
			defaultConfigurationName = Release;
		};
		C7CF13212600898B00CA9F39 /* Build configuration list for PBXNativeTarget "Dynogram" */ = {
			isa = XCConfigurationList;
			buildConfigurations = (
				C7CF13222600898B00CA9F39 /* Debug */,
				C7CF13232600898B00CA9F39 /* Release */,
			);
			defaultConfigurationIsVisible = 0;
			defaultConfigurationName = Release;
		};
		C7CF13242600898B00CA9F39 /* Build configuration list for PBXNativeTarget "DynogramTests" */ = {
			isa = XCConfigurationList;
			buildConfigurations = (
				C7CF13252600898B00CA9F39 /* Debug */,
				C7CF13262600898B00CA9F39 /* Release */,
			);
			defaultConfigurationIsVisible = 0;
			defaultConfigurationName = Release;
		};
		C7CF13272600898B00CA9F39 /* Build configuration list for PBXNativeTarget "DynogramUITests" */ = {
			isa = XCConfigurationList;
			buildConfigurations = (
				C7CF13282600898B00CA9F39 /* Debug */,
				C7CF13292600898B00CA9F39 /* Release */,
			);
			defaultConfigurationIsVisible = 0;
			defaultConfigurationName = Release;
		};
/* End XCConfigurationList section */
	};
	rootObject = C7CF12EF2600898900CA9F39 /* Project object */;
}
